
Microsoft Visual Studio Solution File, Format Version 12.00
# Visual Studio Version 17
VisualStudioVersion = 17.1.31911.260
MinimumVisualStudioVersion = 10.0.40219.1
Project("{9A19103F-16F7-4668-BE54-9A1E7A4F7556}") = "HandyControlProject1", "HandyControlProject1\HandyControlProject1.csproj", "{0CCDF34B-765E-466A-855D-6FAD05BFAD0F}"
EndProject
Project("{FAE04EC0-301F-11D3-BF4B-00C04F79EFBC}") = "HandyControlProject2", "HandyControlProject2\HandyControlProject2.csproj", "{319C2A29-248D-47F1-90A7-62A512C54A51}"
EndProject
Project("{9A19103F-16F7-4668-BE54-9A1E7A4F7556}") = "WpfApp1", "WpfApp1\WpfApp1.csproj", "{D7BC764D-1FCE-4DB7-9DA2-2E11B3B58E71}"
EndProject
Project("{FAE04EC0-301F-11D3-BF4B-00C04F79EFBC}") = "HandyControlProject3", "HandyControlProject3\HandyControlProject3.csproj", "{2B7AD04E-7BCB-4D96-A44F-99D951D3E589}"
EndProject
Global
	GlobalSection(SolutionConfigurationPlatforms) = preSolution
		Debug|Any CPU = Debug|Any CPU
		Release|Any CPU = Release|Any CPU
	EndGlobalSection
	GlobalSection(ProjectConfigurationPlatforms) = postSolution
		{0CCDF34B-765E-466A-855D-6FAD05BFAD0F}.Debug|Any CPU.ActiveCfg = Debug|Any CPU
		{0CCDF34B-765E-466A-855D-6FAD05BFAD0F}.Debug|Any CPU.Build.0 = Debug|Any CPU
		{0CCDF34B-765E-466A-855D-6FAD05BFAD0F}.Release|Any CPU.ActiveCfg = Release|Any CPU
		{0CCDF34B-765E-466A-855D-6FAD05BFAD0F}.Release|Any CPU.Build.0 = Release|Any CPU
		{319C2A29-248D-47F1-90A7-62A512C54A51}.Debug|Any CPU.ActiveCfg = Debug|Any CPU
		{319C2A29-248D-47F1-90A7-62A512C54A51}.Debug|Any CPU.Build.0 = Debug|Any CPU
		{319C2A29-248D-47F1-90A7-62A512C54A51}.Release|Any CPU.ActiveCfg = Release|Any CPU
		{319C2A29-248D-47F1-90A7-62A512C54A51}.Release|Any CPU.Build.0 = Release|Any CPU
		{D7BC764D-1FCE-4DB7-9DA2-2E11B3B58E71}.Debug|Any CPU.ActiveCfg = Debug|Any CPU
		{D7BC764D-1FCE-4DB7-9DA2-2E11B3B58E71}.Debug|Any CPU.Build.0 = Debug|Any CPU
		{D7BC764D-1FCE-4DB7-9DA2-2E11B3B58E71}.Release|Any CPU.ActiveCfg = Release|Any CPU
		{D7BC764D-1FCE-4DB7-9DA2-2E11B3B58E71}.Release|Any CPU.Build.0 = Release|Any CPU
		{2B7AD04E-7BCB-4D96-A44F-99D951D3E589}.Debug|Any CPU.ActiveCfg = Debug|Any CPU
		{2B7AD04E-7BCB-4D96-A44F-99D951D3E589}.Debug|Any CPU.Build.0 = Debug|Any CPU
		{2B7AD04E-7BCB-4D96-A44F-99D951D3E589}.Release|Any CPU.ActiveCfg = Release|Any CPU
		{2B7AD04E-7BCB-4D96-A44F-99D951D3E589}.Release|Any CPU.Build.0 = Release|Any CPU
	EndGlobalSection
	GlobalSection(SolutionProperties) = preSolution
		HideSolutionNode = FALSE
	EndGlobalSection
	GlobalSection(ExtensibilityGlobals) = postSolution
		SolutionGuid = {094690B0-7906-463D-B60E-A8E5656DDC1A}
	EndGlobalSection
EndGlobal
